
Microsoft Visual Studio Solution File, Format Version 12.00
Project("{FAE04EC0-301F-11D3-BF4B-00C04F79EFBC}") = "hw3", "hw3\hw3.csproj", "{239D2CF4-B8BB-4D56-A8D9-36F5454A1CEC}"
EndProject
Global
	GlobalSection(SolutionConfigurationPlatforms) = preSolution
		Debug|Any CPU = Debug|Any CPU
		Release|Any CPU = Release|Any CPU
	EndGlobalSection
	GlobalSection(ProjectConfigurationPlatforms) = postSolution
		{239D2CF4-B8BB-4D56-A8D9-36F5454A1CEC}.Debug|Any CPU.ActiveCfg = Debug|Any CPU
		{239D2CF4-B8BB-4D56-A8D9-36F5454A1CEC}.Debug|Any CPU.Build.0 = Debug|Any CPU
		{239D2CF4-B8BB-4D56-A8D9-36F5454A1CEC}.Release|Any CPU.ActiveCfg = Release|Any CPU
		{239D2CF4-B8BB-4D56-A8D9-36F5454A1CEC}.Release|Any CPU.Build.0 = Release|Any CPU
	EndGlobalSection
EndGlobal
